{
  "object": {
    "pins": [
      {
        "package": "KRActivityIndicatorView",
        "repositoryURL": "https://github.com/LaurentiuUngur/KRActivityIndicatorView",
        "state": {
          "branch": null,
          "revision": "db89dd8e45ec69d5c00d6f697a843f815c2f3c0e",
          "version": "4.0.0"
        }
      }
    ]
  },
  "version": 1
}
